
Microsoft Visual Studio Solution File, Format Version 12.00
# Visual Studio Version 17
VisualStudioVersion = 17.8.34330.188
MinimumVisualStudioVersion = 10.0.40219.1
Project("{FAE04EC0-301F-11D3-BF4B-00C04F79EFBC}") = "PokemonAPI", "PokemonAPI\PokemonAPI.csproj", "{40F38DDA-0FE1-4E98-B5E1-746419C9D6CF}"
EndProject
Global
	GlobalSection(SolutionConfigurationPlatforms) = preSolution
		Debug|Any CPU = Debug|Any CPU
		Release|Any CPU = Release|Any CPU
	EndGlobalSection
	GlobalSection(ProjectConfigurationPlatforms) = postSolution
		{40F38DDA-0FE1-4E98-B5E1-746419C9D6CF}.Debug|Any CPU.ActiveCfg = Debug|Any CPU
		{40F38DDA-0FE1-4E98-B5E1-746419C9D6CF}.Debug|Any CPU.Build.0 = Debug|Any CPU
		{40F38DDA-0FE1-4E98-B5E1-746419C9D6CF}.Release|Any CPU.ActiveCfg = Release|Any CPU
		{40F38DDA-0FE1-4E98-B5E1-746419C9D6CF}.Release|Any CPU.Build.0 = Release|Any CPU
	EndGlobalSection
	GlobalSection(SolutionProperties) = preSolution
		HideSolutionNode = FALSE
	EndGlobalSection
	GlobalSection(ExtensibilityGlobals) = postSolution
		SolutionGuid = {98810951-33F2-4E9A-A58F-409383AAAFE8}
	EndGlobalSection
EndGlobal
